
Microsoft Visual Studio Solution File, Format Version 12.00
# Visual Studio Version 17
VisualStudioVersion = 17.13.35818.85 d17.13
MinimumVisualStudioVersion = 10.0.40219.1
Project("{888888A0-9F3D-457C-B088-3A5042F75D52}") = "practica5python", "practica5python.pyproj", "{2A0A55F1-1C9E-4A6B-82C4-1BE4D9BF5EB4}"
EndProject
Global
	GlobalSection(SolutionConfigurationPlatforms) = preSolution
		Debug|Any CPU = Debug|Any CPU
		Release|Any CPU = Release|Any CPU
	EndGlobalSection
	GlobalSection(ProjectConfigurationPlatforms) = postSolution
		{2A0A55F1-1C9E-4A6B-82C4-1BE4D9BF5EB4}.Debug|Any CPU.ActiveCfg = Debug|Any CPU
		{2A0A55F1-1C9E-4A6B-82C4-1BE4D9BF5EB4}.Release|Any CPU.ActiveCfg = Release|Any CPU
	EndGlobalSection
	GlobalSection(SolutionProperties) = preSolution
		HideSolutionNode = FALSE
	EndGlobalSection
	GlobalSection(ExtensibilityGlobals) = postSolution
		SolutionGuid = {4A6D1E21-C28B-46F4-ACB9-A30E936D8685}
	EndGlobalSection
EndGlobal
